
Microsoft Visual Studio Solution File, Format Version 12.00
# Visual Studio 2013
VisualStudioVersion = 12.0.21005.1
MinimumVisualStudioVersion = 10.0.40219.1
Project("{2150E333-8FDC-42A3-9474-1A3956D46DE8}") = "Phone", "Phone", "{654005CE-4F35-4960-B8D3-48D02DF651C0}"
EndProject
Project("{2150E333-8FDC-42A3-9474-1A3956D46DE8}") = "SignalR", "SignalR", "{7C61DDDD-7E55-4867-9AB1-D37323DC02DE}"
EndProject
Project("{F184B08F-C81C-45F6-A57F-5ABD9991F28F}") = "Sensor", "ObservableSensor\ObservableSensor\Sensor.vbproj", "{760502A5-07B6-4734-979D-320A4E89F867}"
EndProject
Project("{F184B08F-C81C-45F6-A57F-5ABD9991F28F}") = "ObservableClient", "ObservableSensor\ObservableClient\ObservableClient.vbproj", "{594467DD-FC32-4589-B1FD-EE59709516BF}"
EndProject
Project("{FAE04EC0-301F-11D3-BF4B-00C04F79EFBC}") = "SilverlightApplication1", "SilverlightApplication1\SilverlightApplication1\SilverlightApplication1.csproj", "{5E814814-C034-462E-8CC3-D0685D1CD9A0}"
EndProject
Project("{FAE04EC0-301F-11D3-BF4B-00C04F79EFBC}") = "SilverlightApplication1.Web", "SilverlightApplication1\SilverlightApplication1.Web\SilverlightApplication1.Web.csproj", "{8F452493-970D-4821-956E-2F80D71AF863}"
EndProject
Project("{FAE04EC0-301F-11D3-BF4B-00C04F79EFBC}") = "Reactive-Rt", "Winrt\Application1\Application1\Reactive-Rt.csproj", "{1D7CE7CA-CA58-4667-9CF6-90214139B1D0}"
EndProject
Project("{E24C65DC-7377-472B-9ABA-BC803B73C61A}") = "Service", "http://localhost:58836", "{1CE19FB8-5F03-4245-A772-4891614F97AA}"
	ProjectSection(WebsiteProperties) = preProject
		UseIISExpress = "true"
		TargetFrameworkMoniker = ".NETFramework,Version%3Dv4.5"
		Debug.AspNetCompiler.VirtualPath = "/localhost_58836"
		Debug.AspNetCompiler.PhysicalPath = "Winrt\Service\"
		Debug.AspNetCompiler.TargetPath = "PrecompiledWeb\localhost_58836\"
		Debug.AspNetCompiler.Updateable = "true"
		Debug.AspNetCompiler.ForceOverwrite = "true"
		Debug.AspNetCompiler.FixedNames = "false"
		Debug.AspNetCompiler.Debug = "True"
		Release.AspNetCompiler.VirtualPath = "/localhost_58836"
		Release.AspNetCompiler.PhysicalPath = "Winrt\Service\"
		Release.AspNetCompiler.TargetPath = "PrecompiledWeb\localhost_58836\"
		Release.AspNetCompiler.Updateable = "true"
		Release.AspNetCompiler.ForceOverwrite = "true"
		Release.AspNetCompiler.FixedNames = "false"
		Release.AspNetCompiler.Debug = "False"
		SlnRelativePath = "Winrt\Service\"
	EndProjectSection
EndProject
Project("{FAE04EC0-301F-11D3-BF4B-00C04F79EFBC}") = "PhoneDragDrop", "WP7RxSamples\PhoneDragDrop\PhoneDragDrop\PhoneDragDrop.csproj", "{A7DE50A5-D623-456F-9E8E-27531C6577B1}"
EndProject
Project("{FAE04EC0-301F-11D3-BF4B-00C04F79EFBC}") = "WP7AccelerometerSample", "WP7RxSamples\WP7AccelerometerSample\WP7AccelerometerSample\WP7AccelerometerSample.csproj", "{C8C15319-7086-4F05-A523-3D5DB4792317}"
EndProject
Project("{E24C65DC-7377-472B-9ABA-BC803B73C61A}") = "RxJs.Website", "RxJs.Website", "{0322501E-C95C-4557-936F-6635B212338E}"
	ProjectSection(WebsiteProperties) = preProject
		TargetFrameworkMoniker = ".NETFramework,Version%3Dv4.0"
		Debug.AspNetCompiler.VirtualPath = "/RxJs.Website"
		Debug.AspNetCompiler.PhysicalPath = "RxJs.Website\"
		Debug.AspNetCompiler.TargetPath = "PrecompiledWeb\RxJs.Website\"
		Debug.AspNetCompiler.Updateable = "true"
		Debug.AspNetCompiler.ForceOverwrite = "true"
		Debug.AspNetCompiler.FixedNames = "false"
		Debug.AspNetCompiler.Debug = "True"
		Release.AspNetCompiler.VirtualPath = "/RxJs.Website"
		Release.AspNetCompiler.PhysicalPath = "RxJs.Website\"
		Release.AspNetCompiler.TargetPath = "PrecompiledWeb\RxJs.Website\"
		Release.AspNetCompiler.Updateable = "true"
		Release.AspNetCompiler.ForceOverwrite = "true"
		Release.AspNetCompiler.FixedNames = "false"
		Release.AspNetCompiler.Debug = "False"
		VWDPort = "2870"
	EndProjectSection
EndProject
Project("{FAE04EC0-301F-11D3-BF4B-00C04F79EFBC}") = "Dice", "..\RX\Dice\Dice\Dice.csproj", "{8CD64B05-AE45-49FB-A09B-32EDCD6DAEA2}"
	ProjectSection(ProjectDependencies) = postProject
		{718F914C-7300-4AD0-92B3-3CDEF3FE753D} = {718F914C-7300-4AD0-92B3-3CDEF3FE753D}
	EndProjectSection
EndProject
Project("{F184B08F-C81C-45F6-A57F-5ABD9991F28F}") = "Gestures", "..\RX\Dice\Gestures\Gestures.vbproj", "{CA4A1896-91E9-41FB-9879-14992CF56158}"
EndProject
Project("{FAE04EC0-301F-11D3-BF4B-00C04F79EFBC}") = "PhoneTranslator", "WP7RxSamples\PhoneTranslator\PhoneTranslator\PhoneTranslator.csproj", "{6EE54875-9095-4D53-B403-EE7C45E31BC4}"
EndProject
Project("{F184B08F-C81C-45F6-A57F-5ABD9991F28F}") = "BasicConsole", "SignalR\RxSignalR\BasicConsole\BasicConsole.vbproj", "{DB4DE111-4C53-43E0-894A-5D3B0C54A782}"
EndProject
Project("{E24C65DC-7377-472B-9ABA-BC803B73C61A}") = "RxSignalrWeb(1)", "SignalR\RxSignalR\RxSignalrWeb", "{227B78EB-FD4A-44FC-89AC-6EE2C461C4CC}"
	ProjectSection(WebsiteProperties) = preProject
		TargetFrameworkMoniker = ".NETFramework,Version%3Dv4.5"
		Debug.AspNetCompiler.VirtualPath = "/RxSignalrWeb"
		Debug.AspNetCompiler.PhysicalPath = "SignalR\RxSignalR\RxSignalrWeb\"
		Debug.AspNetCompiler.TargetPath = "PrecompiledWeb\RxSignalrWeb\"
		Debug.AspNetCompiler.Updateable = "true"
		Debug.AspNetCompiler.ForceOverwrite = "true"
		Debug.AspNetCompiler.FixedNames = "false"
		Debug.AspNetCompiler.Debug = "True"
		Release.AspNetCompiler.VirtualPath = "/RxSignalrWeb"
		Release.AspNetCompiler.PhysicalPath = "SignalR\RxSignalR\RxSignalrWeb\"
		Release.AspNetCompiler.TargetPath = "PrecompiledWeb\RxSignalrWeb\"
		Release.AspNetCompiler.Updateable = "true"
		Release.AspNetCompiler.ForceOverwrite = "true"
		Release.AspNetCompiler.FixedNames = "false"
		Release.AspNetCompiler.Debug = "False"
		VWDPort = "4734"
	EndProjectSection
EndProject
Project("{FAE04EC0-301F-11D3-BF4B-00C04F79EFBC}") = "WpfSharp", "SignalR\RxSignalR\WpfSharp\WpfSharp.csproj", "{D24BD347-374B-4304-8C76-0D8008651FC9}"
EndProject
Project("{E24C65DC-7377-472B-9ABA-BC803B73C61A}") = "Service(1)", "http://localhost:49152", "{718F914C-7300-4AD0-92B3-3CDEF3FE753D}"
	ProjectSection(WebsiteProperties) = preProject
		UseIISExpress = "true"
		TargetFrameworkMoniker = ".NETFramework,Version%3Dv4.0"
		Debug.AspNetCompiler.VirtualPath = "/Service"
		Debug.AspNetCompiler.PhysicalPath = "..\RX\Dice\Service\"
		Debug.AspNetCompiler.TargetPath = "PrecompiledWeb\Service\"
		Debug.AspNetCompiler.Updateable = "true"
		Debug.AspNetCompiler.ForceOverwrite = "true"
		Debug.AspNetCompiler.FixedNames = "false"
		Debug.AspNetCompiler.Debug = "True"
		Release.AspNetCompiler.VirtualPath = "/Service"
		Release.AspNetCompiler.PhysicalPath = "..\RX\Dice\Service\"
		Release.AspNetCompiler.TargetPath = "PrecompiledWeb\Service\"
		Release.AspNetCompiler.Updateable = "true"
		Release.AspNetCompiler.ForceOverwrite = "true"
		Release.AspNetCompiler.FixedNames = "false"
		Release.AspNetCompiler.Debug = "False"
		SlnRelativePath = "..\RX\Dice\Service\"
	EndProjectSection
EndProject
Global
	GlobalSection(SolutionConfigurationPlatforms) = preSolution
		Debug|Any CPU = Debug|Any CPU
		Debug|ARM = Debug|ARM
		Debug|Mixed Platforms = Debug|Mixed Platforms
		Debug|x64 = Debug|x64
		Debug|x86 = Debug|x86
		Release|Any CPU = Release|Any CPU
		Release|ARM = Release|ARM
		Release|Mixed Platforms = Release|Mixed Platforms
		Release|x64 = Release|x64
		Release|x86 = Release|x86
	EndGlobalSection
	GlobalSection(ProjectConfigurationPlatforms) = postSolution
		{760502A5-07B6-4734-979D-320A4E89F867}.Debug|Any CPU.ActiveCfg = Debug|Any CPU
		{760502A5-07B6-4734-979D-320A4E89F867}.Debug|Any CPU.Build.0 = Debug|Any CPU
		{760502A5-07B6-4734-979D-320A4E89F867}.Debug|ARM.ActiveCfg = Debug|Any CPU
		{760502A5-07B6-4734-979D-320A4E89F867}.Debug|Mixed Platforms.ActiveCfg = Debug|Any CPU
		{760502A5-07B6-4734-979D-320A4E89F867}.Debug|Mixed Platforms.Build.0 = Debug|Any CPU
		{760502A5-07B6-4734-979D-320A4E89F867}.Debug|x64.ActiveCfg = Debug|Any CPU
		{760502A5-07B6-4734-979D-320A4E89F867}.Debug|x86.ActiveCfg = Debug|Any CPU
		{760502A5-07B6-4734-979D-320A4E89F867}.Release|Any CPU.ActiveCfg = Release|Any CPU
		{760502A5-07B6-4734-979D-320A4E89F867}.Release|Any CPU.Build.0 = Release|Any CPU
		{760502A5-07B6-4734-979D-320A4E89F867}.Release|ARM.ActiveCfg = Release|Any CPU
		{760502A5-07B6-4734-979D-320A4E89F867}.Release|Mixed Platforms.ActiveCfg = Release|Any CPU
		{760502A5-07B6-4734-979D-320A4E89F867}.Release|Mixed Platforms.Build.0 = Release|Any CPU
		{760502A5-07B6-4734-979D-320A4E89F867}.Release|x64.ActiveCfg = Release|Any CPU
		{760502A5-07B6-4734-979D-320A4E89F867}.Release|x86.ActiveCfg = Release|Any CPU
		{594467DD-FC32-4589-B1FD-EE59709516BF}.Debug|Any CPU.ActiveCfg = Debug|x86
		{594467DD-FC32-4589-B1FD-EE59709516BF}.Debug|ARM.ActiveCfg = Debug|x86
		{594467DD-FC32-4589-B1FD-EE59709516BF}.Debug|Mixed Platforms.ActiveCfg = Debug|x86
		{594467DD-FC32-4589-B1FD-EE59709516BF}.Debug|Mixed Platforms.Build.0 = Debug|x86
		{594467DD-FC32-4589-B1FD-EE59709516BF}.Debug|x64.ActiveCfg = Debug|x86
		{594467DD-FC32-4589-B1FD-EE59709516BF}.Debug|x86.ActiveCfg = Debug|x86
		{594467DD-FC32-4589-B1FD-EE59709516BF}.Debug|x86.Build.0 = Debug|x86
		{594467DD-FC32-4589-B1FD-EE59709516BF}.Release|Any CPU.ActiveCfg = Release|x86
		{594467DD-FC32-4589-B1FD-EE59709516BF}.Release|ARM.ActiveCfg = Release|x86
		{594467DD-FC32-4589-B1FD-EE59709516BF}.Release|Mixed Platforms.ActiveCfg = Release|x86
		{594467DD-FC32-4589-B1FD-EE59709516BF}.Release|Mixed Platforms.Build.0 = Release|x86
		{594467DD-FC32-4589-B1FD-EE59709516BF}.Release|x64.ActiveCfg = Release|x86
		{594467DD-FC32-4589-B1FD-EE59709516BF}.Release|x86.ActiveCfg = Release|x86
		{594467DD-FC32-4589-B1FD-EE59709516BF}.Release|x86.Build.0 = Release|x86
		{5E814814-C034-462E-8CC3-D0685D1CD9A0}.Debug|Any CPU.ActiveCfg = Debug|Any CPU
		{5E814814-C034-462E-8CC3-D0685D1CD9A0}.Debug|Any CPU.Build.0 = Debug|Any CPU
		{5E814814-C034-462E-8CC3-D0685D1CD9A0}.Debug|ARM.ActiveCfg = Debug|Any CPU
		{5E814814-C034-462E-8CC3-D0685D1CD9A0}.Debug|Mixed Platforms.ActiveCfg = Debug|Any CPU
		{5E814814-C034-462E-8CC3-D0685D1CD9A0}.Debug|Mixed Platforms.Build.0 = Debug|Any CPU
		{5E814814-C034-462E-8CC3-D0685D1CD9A0}.Debug|x64.ActiveCfg = Debug|Any CPU
		{5E814814-C034-462E-8CC3-D0685D1CD9A0}.Debug|x86.ActiveCfg = Debug|Any CPU
		{5E814814-C034-462E-8CC3-D0685D1CD9A0}.Release|Any CPU.ActiveCfg = Release|Any CPU
		{5E814814-C034-462E-8CC3-D0685D1CD9A0}.Release|Any CPU.Build.0 = Release|Any CPU
		{5E814814-C034-462E-8CC3-D0685D1CD9A0}.Release|ARM.ActiveCfg = Release|Any CPU
		{5E814814-C034-462E-8CC3-D0685D1CD9A0}.Release|Mixed Platforms.ActiveCfg = Release|Any CPU
		{5E814814-C034-462E-8CC3-D0685D1CD9A0}.Release|Mixed Platforms.Build.0 = Release|Any CPU
		{5E814814-C034-462E-8CC3-D0685D1CD9A0}.Release|x64.ActiveCfg = Release|Any CPU
		{5E814814-C034-462E-8CC3-D0685D1CD9A0}.Release|x86.ActiveCfg = Release|Any CPU
		{8F452493-970D-4821-956E-2F80D71AF863}.Debug|Any CPU.ActiveCfg = Debug|Any CPU
		{8F452493-970D-4821-956E-2F80D71AF863}.Debug|Any CPU.Build.0 = Debug|Any CPU
		{8F452493-970D-4821-956E-2F80D71AF863}.Debug|ARM.ActiveCfg = Debug|Any CPU
		{8F452493-970D-4821-956E-2F80D71AF863}.Debug|Mixed Platforms.ActiveCfg = Debug|Any CPU
		{8F452493-970D-4821-956E-2F80D71AF863}.Debug|Mixed Platforms.Build.0 = Debug|Any CPU
		{8F452493-970D-4821-956E-2F80D71AF863}.Debug|x64.ActiveCfg = Debug|Any CPU
		{8F452493-970D-4821-956E-2F80D71AF863}.Debug|x86.ActiveCfg = Debug|Any CPU
		{8F452493-970D-4821-956E-2F80D71AF863}.Release|Any CPU.ActiveCfg = Release|Any CPU
		{8F452493-970D-4821-956E-2F80D71AF863}.Release|Any CPU.Build.0 = Release|Any CPU
		{8F452493-970D-4821-956E-2F80D71AF863}.Release|ARM.ActiveCfg = Release|Any CPU
		{8F452493-970D-4821-956E-2F80D71AF863}.Release|Mixed Platforms.ActiveCfg = Release|Any CPU
		{8F452493-970D-4821-956E-2F80D71AF863}.Release|Mixed Platforms.Build.0 = Release|Any CPU
		{8F452493-970D-4821-956E-2F80D71AF863}.Release|x64.ActiveCfg = Release|Any CPU
		{8F452493-970D-4821-956E-2F80D71AF863}.Release|x86.ActiveCfg = Release|Any CPU
		{1D7CE7CA-CA58-4667-9CF6-90214139B1D0}.Debug|Any CPU.ActiveCfg = Debug|Any CPU
		{1D7CE7CA-CA58-4667-9CF6-90214139B1D0}.Debug|Any CPU.Build.0 = Debug|Any CPU
		{1D7CE7CA-CA58-4667-9CF6-90214139B1D0}.Debug|Any CPU.Deploy.0 = Debug|Any CPU
		{1D7CE7CA-CA58-4667-9CF6-90214139B1D0}.Debug|ARM.ActiveCfg = Debug|ARM
		{1D7CE7CA-CA58-4667-9CF6-90214139B1D0}.Debug|ARM.Build.0 = Debug|ARM
		{1D7CE7CA-CA58-4667-9CF6-90214139B1D0}.Debug|ARM.Deploy.0 = Debug|ARM
		{1D7CE7CA-CA58-4667-9CF6-90214139B1D0}.Debug|Mixed Platforms.ActiveCfg = Debug|x86
		{1D7CE7CA-CA58-4667-9CF6-90214139B1D0}.Debug|Mixed Platforms.Build.0 = Debug|x86
		{1D7CE7CA-CA58-4667-9CF6-90214139B1D0}.Debug|Mixed Platforms.Deploy.0 = Debug|x86
		{1D7CE7CA-CA58-4667-9CF6-90214139B1D0}.Debug|x64.ActiveCfg = Debug|x64
		{1D7CE7CA-CA58-4667-9CF6-90214139B1D0}.Debug|x64.Build.0 = Debug|x64
		{1D7CE7CA-CA58-4667-9CF6-90214139B1D0}.Debug|x64.Deploy.0 = Debug|x64
		{1D7CE7CA-CA58-4667-9CF6-90214139B1D0}.Debug|x86.ActiveCfg = Debug|x86
		{1D7CE7CA-CA58-4667-9CF6-90214139B1D0}.Debug|x86.Build.0 = Debug|x86
		{1D7CE7CA-CA58-4667-9CF6-90214139B1D0}.Debug|x86.Deploy.0 = Debug|x86
		{1D7CE7CA-CA58-4667-9CF6-90214139B1D0}.Release|Any CPU.ActiveCfg = Release|Any CPU
		{1D7CE7CA-CA58-4667-9CF6-90214139B1D0}.Release|Any CPU.Build.0 = Release|Any CPU
		{1D7CE7CA-CA58-4667-9CF6-90214139B1D0}.Release|Any CPU.Deploy.0 = Release|Any CPU
		{1D7CE7CA-CA58-4667-9CF6-90214139B1D0}.Release|ARM.ActiveCfg = Release|ARM
		{1D7CE7CA-CA58-4667-9CF6-90214139B1D0}.Release|ARM.Build.0 = Release|ARM
		{1D7CE7CA-CA58-4667-9CF6-90214139B1D0}.Release|ARM.Deploy.0 = Release|ARM
		{1D7CE7CA-CA58-4667-9CF6-90214139B1D0}.Release|Mixed Platforms.ActiveCfg = Release|x86
		{1D7CE7CA-CA58-4667-9CF6-90214139B1D0}.Release|Mixed Platforms.Build.0 = Release|x86
		{1D7CE7CA-CA58-4667-9CF6-90214139B1D0}.Release|Mixed Platforms.Deploy.0 = Release|x86
		{1D7CE7CA-CA58-4667-9CF6-90214139B1D0}.Release|x64.ActiveCfg = Release|x64
		{1D7CE7CA-CA58-4667-9CF6-90214139B1D0}.Release|x64.Build.0 = Release|x64
		{1D7CE7CA-CA58-4667-9CF6-90214139B1D0}.Release|x64.Deploy.0 = Release|x64
		{1D7CE7CA-CA58-4667-9CF6-90214139B1D0}.Release|x86.ActiveCfg = Release|x86
		{1D7CE7CA-CA58-4667-9CF6-90214139B1D0}.Release|x86.Build.0 = Release|x86
		{1D7CE7CA-CA58-4667-9CF6-90214139B1D0}.Release|x86.Deploy.0 = Release|x86
		{1CE19FB8-5F03-4245-A772-4891614F97AA}.Debug|Any CPU.ActiveCfg = Debug|Any CPU
		{1CE19FB8-5F03-4245-A772-4891614F97AA}.Debug|Any CPU.Build.0 = Debug|Any CPU
		{1CE19FB8-5F03-4245-A772-4891614F97AA}.Debug|ARM.ActiveCfg = Debug|Any CPU
		{1CE19FB8-5F03-4245-A772-4891614F97AA}.Debug|Mixed Platforms.ActiveCfg = Debug|Any CPU
		{1CE19FB8-5F03-4245-A772-4891614F97AA}.Debug|Mixed Platforms.Build.0 = Debug|Any CPU
		{1CE19FB8-5F03-4245-A772-4891614F97AA}.Debug|x64.ActiveCfg = Debug|Any CPU
		{1CE19FB8-5F03-4245-A772-4891614F97AA}.Debug|x86.ActiveCfg = Debug|Any CPU
		{1CE19FB8-5F03-4245-A772-4891614F97AA}.Release|Any CPU.ActiveCfg = Debug|Any CPU
		{1CE19FB8-5F03-4245-A772-4891614F97AA}.Release|Any CPU.Build.0 = Debug|Any CPU
		{1CE19FB8-5F03-4245-A772-4891614F97AA}.Release|ARM.ActiveCfg = Debug|Any CPU
		{1CE19FB8-5F03-4245-A772-4891614F97AA}.Release|Mixed Platforms.ActiveCfg = Debug|Any CPU
		{1CE19FB8-5F03-4245-A772-4891614F97AA}.Release|Mixed Platforms.Build.0 = Debug|Any CPU
		{1CE19FB8-5F03-4245-A772-4891614F97AA}.Release|x64.ActiveCfg = Debug|Any CPU
		{1CE19FB8-5F03-4245-A772-4891614F97AA}.Release|x86.ActiveCfg = Debug|Any CPU
		{A7DE50A5-D623-456F-9E8E-27531C6577B1}.Debug|Any CPU.ActiveCfg = Debug|Any CPU
		{A7DE50A5-D623-456F-9E8E-27531C6577B1}.Debug|Any CPU.Build.0 = Debug|Any CPU
		{A7DE50A5-D623-456F-9E8E-27531C6577B1}.Debug|Any CPU.Deploy.0 = Debug|Any CPU
		{A7DE50A5-D623-456F-9E8E-27531C6577B1}.Debug|ARM.ActiveCfg = Debug|Any CPU
		{A7DE50A5-D623-456F-9E8E-27531C6577B1}.Debug|Mixed Platforms.ActiveCfg = Debug|Any CPU
		{A7DE50A5-D623-456F-9E8E-27531C6577B1}.Debug|Mixed Platforms.Build.0 = Debug|Any CPU
		{A7DE50A5-D623-456F-9E8E-27531C6577B1}.Debug|Mixed Platforms.Deploy.0 = Debug|Any CPU
		{A7DE50A5-D623-456F-9E8E-27531C6577B1}.Debug|x64.ActiveCfg = Debug|Any CPU
		{A7DE50A5-D623-456F-9E8E-27531C6577B1}.Debug|x86.ActiveCfg = Debug|Any CPU
		{A7DE50A5-D623-456F-9E8E-27531C6577B1}.Release|Any CPU.ActiveCfg = Release|Any CPU
		{A7DE50A5-D623-456F-9E8E-27531C6577B1}.Release|Any CPU.Build.0 = Release|Any CPU
		{A7DE50A5-D623-456F-9E8E-27531C6577B1}.Release|Any CPU.Deploy.0 = Release|Any CPU
		{A7DE50A5-D623-456F-9E8E-27531C6577B1}.Release|ARM.ActiveCfg = Release|Any CPU
		{A7DE50A5-D623-456F-9E8E-27531C6577B1}.Release|Mixed Platforms.ActiveCfg = Release|Any CPU
		{A7DE50A5-D623-456F-9E8E-27531C6577B1}.Release|Mixed Platforms.Build.0 = Release|Any CPU
		{A7DE50A5-D623-456F-9E8E-27531C6577B1}.Release|Mixed Platforms.Deploy.0 = Release|Any CPU
		{A7DE50A5-D623-456F-9E8E-27531C6577B1}.Release|x64.ActiveCfg = Release|Any CPU
		{A7DE50A5-D623-456F-9E8E-27531C6577B1}.Release|x86.ActiveCfg = Release|Any CPU
		{C8C15319-7086-4F05-A523-3D5DB4792317}.Debug|Any CPU.ActiveCfg = Debug|Any CPU
		{C8C15319-7086-4F05-A523-3D5DB4792317}.Debug|Any CPU.Build.0 = Debug|Any CPU
		{C8C15319-7086-4F05-A523-3D5DB4792317}.Debug|Any CPU.Deploy.0 = Debug|Any CPU
		{C8C15319-7086-4F05-A523-3D5DB4792317}.Debug|ARM.ActiveCfg = Debug|Any CPU
		{C8C15319-7086-4F05-A523-3D5DB4792317}.Debug|Mixed Platforms.ActiveCfg = Debug|Any CPU
		{C8C15319-7086-4F05-A523-3D5DB4792317}.Debug|Mixed Platforms.Build.0 = Debug|Any CPU
		{C8C15319-7086-4F05-A523-3D5DB4792317}.Debug|Mixed Platforms.Deploy.0 = Debug|Any CPU
		{C8C15319-7086-4F05-A523-3D5DB4792317}.Debug|x64.ActiveCfg = Debug|Any CPU
		{C8C15319-7086-4F05-A523-3D5DB4792317}.Debug|x86.ActiveCfg = Debug|Any CPU
		{C8C15319-7086-4F05-A523-3D5DB4792317}.Release|Any CPU.ActiveCfg = Release|Any CPU
		{C8C15319-7086-4F05-A523-3D5DB4792317}.Release|Any CPU.Build.0 = Release|Any CPU
		{C8C15319-7086-4F05-A523-3D5DB4792317}.Release|Any CPU.Deploy.0 = Release|Any CPU
		{C8C15319-7086-4F05-A523-3D5DB4792317}.Release|ARM.ActiveCfg = Release|Any CPU
		{C8C15319-7086-4F05-A523-3D5DB4792317}.Release|Mixed Platforms.ActiveCfg = Release|Any CPU
		{C8C15319-7086-4F05-A523-3D5DB4792317}.Release|Mixed Platforms.Build.0 = Release|Any CPU
		{C8C15319-7086-4F05-A523-3D5DB4792317}.Release|Mixed Platforms.Deploy.0 = Release|Any CPU
		{C8C15319-7086-4F05-A523-3D5DB4792317}.Release|x64.ActiveCfg = Release|Any CPU
		{C8C15319-7086-4F05-A523-3D5DB4792317}.Release|x86.ActiveCfg = Release|Any CPU
		{0322501E-C95C-4557-936F-6635B212338E}.Debug|Any CPU.ActiveCfg = Debug|Any CPU
		{0322501E-C95C-4557-936F-6635B212338E}.Debug|Any CPU.Build.0 = Debug|Any CPU
		{0322501E-C95C-4557-936F-6635B212338E}.Debug|ARM.ActiveCfg = Debug|Any CPU
		{0322501E-C95C-4557-936F-6635B212338E}.Debug|Mixed Platforms.ActiveCfg = Debug|Any CPU
		{0322501E-C95C-4557-936F-6635B212338E}.Debug|Mixed Platforms.Build.0 = Debug|Any CPU
		{0322501E-C95C-4557-936F-6635B212338E}.Debug|x64.ActiveCfg = Debug|Any CPU
		{0322501E-C95C-4557-936F-6635B212338E}.Debug|x86.ActiveCfg = Debug|Any CPU
		{0322501E-C95C-4557-936F-6635B212338E}.Release|Any CPU.ActiveCfg = Debug|Any CPU
		{0322501E-C95C-4557-936F-6635B212338E}.Release|Any CPU.Build.0 = Debug|Any CPU
		{0322501E-C95C-4557-936F-6635B212338E}.Release|ARM.ActiveCfg = Debug|Any CPU
		{0322501E-C95C-4557-936F-6635B212338E}.Release|Mixed Platforms.ActiveCfg = Debug|Any CPU
		{0322501E-C95C-4557-936F-6635B212338E}.Release|Mixed Platforms.Build.0 = Debug|Any CPU
		{0322501E-C95C-4557-936F-6635B212338E}.Release|x64.ActiveCfg = Debug|Any CPU
		{0322501E-C95C-4557-936F-6635B212338E}.Release|x86.ActiveCfg = Debug|Any CPU
		{8CD64B05-AE45-49FB-A09B-32EDCD6DAEA2}.Debug|Any CPU.ActiveCfg = Debug|Any CPU
		{8CD64B05-AE45-49FB-A09B-32EDCD6DAEA2}.Debug|Any CPU.Build.0 = Debug|Any CPU
		{8CD64B05-AE45-49FB-A09B-32EDCD6DAEA2}.Debug|Any CPU.Deploy.0 = Debug|Any CPU
		{8CD64B05-AE45-49FB-A09B-32EDCD6DAEA2}.Debug|ARM.ActiveCfg = Debug|Any CPU
		{8CD64B05-AE45-49FB-A09B-32EDCD6DAEA2}.Debug|Mixed Platforms.ActiveCfg = Debug|Any CPU
		{8CD64B05-AE45-49FB-A09B-32EDCD6DAEA2}.Debug|Mixed Platforms.Build.0 = Debug|Any CPU
		{8CD64B05-AE45-49FB-A09B-32EDCD6DAEA2}.Debug|Mixed Platforms.Deploy.0 = Debug|Any CPU
		{8CD64B05-AE45-49FB-A09B-32EDCD6DAEA2}.Debug|x64.ActiveCfg = Debug|Any CPU
		{8CD64B05-AE45-49FB-A09B-32EDCD6DAEA2}.Debug|x86.ActiveCfg = Debug|Any CPU
		{8CD64B05-AE45-49FB-A09B-32EDCD6DAEA2}.Release|Any CPU.ActiveCfg = Release|Any CPU
		{8CD64B05-AE45-49FB-A09B-32EDCD6DAEA2}.Release|Any CPU.Build.0 = Release|Any CPU
		{8CD64B05-AE45-49FB-A09B-32EDCD6DAEA2}.Release|Any CPU.Deploy.0 = Release|Any CPU
		{8CD64B05-AE45-49FB-A09B-32EDCD6DAEA2}.Release|ARM.ActiveCfg = Release|Any CPU
		{8CD64B05-AE45-49FB-A09B-32EDCD6DAEA2}.Release|Mixed Platforms.ActiveCfg = Release|Any CPU
		{8CD64B05-AE45-49FB-A09B-32EDCD6DAEA2}.Release|Mixed Platforms.Build.0 = Release|Any CPU
		{8CD64B05-AE45-49FB-A09B-32EDCD6DAEA2}.Release|Mixed Platforms.Deploy.0 = Release|Any CPU
		{8CD64B05-AE45-49FB-A09B-32EDCD6DAEA2}.Release|x64.ActiveCfg = Release|Any CPU
		{8CD64B05-AE45-49FB-A09B-32EDCD6DAEA2}.Release|x86.ActiveCfg = Release|Any CPU
		{CA4A1896-91E9-41FB-9879-14992CF56158}.Debug|Any CPU.ActiveCfg = Debug|Any CPU
		{CA4A1896-91E9-41FB-9879-14992CF56158}.Debug|Any CPU.Build.0 = Debug|Any CPU
		{CA4A1896-91E9-41FB-9879-14992CF56158}.Debug|ARM.ActiveCfg = Debug|Any CPU
		{CA4A1896-91E9-41FB-9879-14992CF56158}.Debug|Mixed Platforms.ActiveCfg = Debug|Any CPU
		{CA4A1896-91E9-41FB-9879-14992CF56158}.Debug|Mixed Platforms.Build.0 = Debug|Any CPU
		{CA4A1896-91E9-41FB-9879-14992CF56158}.Debug|x64.ActiveCfg = Debug|Any CPU
		{CA4A1896-91E9-41FB-9879-14992CF56158}.Debug|x86.ActiveCfg = Debug|Any CPU
		{CA4A1896-91E9-41FB-9879-14992CF56158}.Release|Any CPU.ActiveCfg = Release|Any CPU
		{CA4A1896-91E9-41FB-9879-14992CF56158}.Release|Any CPU.Build.0 = Release|Any CPU
		{CA4A1896-91E9-41FB-9879-14992CF56158}.Release|ARM.ActiveCfg = Release|Any CPU
		{CA4A1896-91E9-41FB-9879-14992CF56158}.Release|Mixed Platforms.ActiveCfg = Release|Any CPU
		{CA4A1896-91E9-41FB-9879-14992CF56158}.Release|Mixed Platforms.Build.0 = Release|Any CPU
		{CA4A1896-91E9-41FB-9879-14992CF56158}.Release|x64.ActiveCfg = Release|Any CPU
		{CA4A1896-91E9-41FB-9879-14992CF56158}.Release|x86.ActiveCfg = Release|Any CPU
		{6EE54875-9095-4D53-B403-EE7C45E31BC4}.Debug|Any CPU.ActiveCfg = Debug|Any CPU
		{6EE54875-9095-4D53-B403-EE7C45E31BC4}.Debug|Any CPU.Build.0 = Debug|Any CPU
		{6EE54875-9095-4D53-B403-EE7C45E31BC4}.Debug|Any CPU.Deploy.0 = Debug|Any CPU
		{6EE54875-9095-4D53-B403-EE7C45E31BC4}.Debug|ARM.ActiveCfg = Debug|Any CPU
		{6EE54875-9095-4D53-B403-EE7C45E31BC4}.Debug|Mixed Platforms.ActiveCfg = Debug|Any CPU
		{6EE54875-9095-4D53-B403-EE7C45E31BC4}.Debug|Mixed Platforms.Build.0 = Debug|Any CPU
		{6EE54875-9095-4D53-B403-EE7C45E31BC4}.Debug|Mixed Platforms.Deploy.0 = Debug|Any CPU
		{6EE54875-9095-4D53-B403-EE7C45E31BC4}.Debug|x64.ActiveCfg = Debug|Any CPU
		{6EE54875-9095-4D53-B403-EE7C45E31BC4}.Debug|x86.ActiveCfg = Debug|Any CPU
		{6EE54875-9095-4D53-B403-EE7C45E31BC4}.Release|Any CPU.ActiveCfg = Release|Any CPU
		{6EE54875-9095-4D53-B403-EE7C45E31BC4}.Release|Any CPU.Build.0 = Release|Any CPU
		{6EE54875-9095-4D53-B403-EE7C45E31BC4}.Release|Any CPU.Deploy.0 = Release|Any CPU
		{6EE54875-9095-4D53-B403-EE7C45E31BC4}.Release|ARM.ActiveCfg = Release|Any CPU
		{6EE54875-9095-4D53-B403-EE7C45E31BC4}.Release|Mixed Platforms.ActiveCfg = Release|Any CPU
		{6EE54875-9095-4D53-B403-EE7C45E31BC4}.Release|Mixed Platforms.Build.0 = Release|Any CPU
		{6EE54875-9095-4D53-B403-EE7C45E31BC4}.Release|Mixed Platforms.Deploy.0 = Release|Any CPU
		{6EE54875-9095-4D53-B403-EE7C45E31BC4}.Release|x64.ActiveCfg = Release|Any CPU
		{6EE54875-9095-4D53-B403-EE7C45E31BC4}.Release|x86.ActiveCfg = Release|Any CPU
		{DB4DE111-4C53-43E0-894A-5D3B0C54A782}.Debug|Any CPU.ActiveCfg = Debug|Any CPU
		{DB4DE111-4C53-43E0-894A-5D3B0C54A782}.Debug|Any CPU.Build.0 = Debug|Any CPU
		{DB4DE111-4C53-43E0-894A-5D3B0C54A782}.Debug|ARM.ActiveCfg = Debug|Any CPU
		{DB4DE111-4C53-43E0-894A-5D3B0C54A782}.Debug|Mixed Platforms.ActiveCfg = Debug|Any CPU
		{DB4DE111-4C53-43E0-894A-5D3B0C54A782}.Debug|Mixed Platforms.Build.0 = Debug|Any CPU
		{DB4DE111-4C53-43E0-894A-5D3B0C54A782}.Debug|x64.ActiveCfg = Debug|Any CPU
		{DB4DE111-4C53-43E0-894A-5D3B0C54A782}.Debug|x86.ActiveCfg = Debug|Any CPU
		{DB4DE111-4C53-43E0-894A-5D3B0C54A782}.Release|Any CPU.ActiveCfg = Release|Any CPU
		{DB4DE111-4C53-43E0-894A-5D3B0C54A782}.Release|Any CPU.Build.0 = Release|Any CPU
		{DB4DE111-4C53-43E0-894A-5D3B0C54A782}.Release|ARM.ActiveCfg = Release|Any CPU
		{DB4DE111-4C53-43E0-894A-5D3B0C54A782}.Release|Mixed Platforms.ActiveCfg = Release|Any CPU
		{DB4DE111-4C53-43E0-894A-5D3B0C54A782}.Release|Mixed Platforms.Build.0 = Release|Any CPU
		{DB4DE111-4C53-43E0-894A-5D3B0C54A782}.Release|x64.ActiveCfg = Release|Any CPU
		{DB4DE111-4C53-43E0-894A-5D3B0C54A782}.Release|x86.ActiveCfg = Release|Any CPU
		{227B78EB-FD4A-44FC-89AC-6EE2C461C4CC}.Debug|Any CPU.ActiveCfg = Debug|Any CPU
		{227B78EB-FD4A-44FC-89AC-6EE2C461C4CC}.Debug|Any CPU.Build.0 = Debug|Any CPU
		{227B78EB-FD4A-44FC-89AC-6EE2C461C4CC}.Debug|ARM.ActiveCfg = Debug|Any CPU
		{227B78EB-FD4A-44FC-89AC-6EE2C461C4CC}.Debug|Mixed Platforms.ActiveCfg = Debug|Any CPU
		{227B78EB-FD4A-44FC-89AC-6EE2C461C4CC}.Debug|Mixed Platforms.Build.0 = Debug|Any CPU
		{227B78EB-FD4A-44FC-89AC-6EE2C461C4CC}.Debug|x64.ActiveCfg = Debug|Any CPU
		{227B78EB-FD4A-44FC-89AC-6EE2C461C4CC}.Debug|x86.ActiveCfg = Debug|Any CPU
		{227B78EB-FD4A-44FC-89AC-6EE2C461C4CC}.Release|Any CPU.ActiveCfg = Debug|Any CPU
		{227B78EB-FD4A-44FC-89AC-6EE2C461C4CC}.Release|Any CPU.Build.0 = Debug|Any CPU
		{227B78EB-FD4A-44FC-89AC-6EE2C461C4CC}.Release|ARM.ActiveCfg = Debug|Any CPU
		{227B78EB-FD4A-44FC-89AC-6EE2C461C4CC}.Release|Mixed Platforms.ActiveCfg = Debug|Any CPU
		{227B78EB-FD4A-44FC-89AC-6EE2C461C4CC}.Release|Mixed Platforms.Build.0 = Debug|Any CPU
		{227B78EB-FD4A-44FC-89AC-6EE2C461C4CC}.Release|x64.ActiveCfg = Debug|Any CPU
		{227B78EB-FD4A-44FC-89AC-6EE2C461C4CC}.Release|x86.ActiveCfg = Debug|Any CPU
		{D24BD347-374B-4304-8C76-0D8008651FC9}.Debug|Any CPU.ActiveCfg = Debug|Any CPU
		{D24BD347-374B-4304-8C76-0D8008651FC9}.Debug|Any CPU.Build.0 = Debug|Any CPU
		{D24BD347-374B-4304-8C76-0D8008651FC9}.Debug|ARM.ActiveCfg = Debug|Any CPU
		{D24BD347-374B-4304-8C76-0D8008651FC9}.Debug|Mixed Platforms.ActiveCfg = Debug|Any CPU
		{D24BD347-374B-4304-8C76-0D8008651FC9}.Debug|Mixed Platforms.Build.0 = Debug|Any CPU
		{D24BD347-374B-4304-8C76-0D8008651FC9}.Debug|x64.ActiveCfg = Debug|Any CPU
		{D24BD347-374B-4304-8C76-0D8008651FC9}.Debug|x86.ActiveCfg = Debug|Any CPU
		{D24BD347-374B-4304-8C76-0D8008651FC9}.Release|Any CPU.ActiveCfg = Release|Any CPU
		{D24BD347-374B-4304-8C76-0D8008651FC9}.Release|Any CPU.Build.0 = Release|Any CPU
		{D24BD347-374B-4304-8C76-0D8008651FC9}.Release|ARM.ActiveCfg = Release|Any CPU
		{D24BD347-374B-4304-8C76-0D8008651FC9}.Release|Mixed Platforms.ActiveCfg = Release|Any CPU
		{D24BD347-374B-4304-8C76-0D8008651FC9}.Release|Mixed Platforms.Build.0 = Release|Any CPU
		{D24BD347-374B-4304-8C76-0D8008651FC9}.Release|x64.ActiveCfg = Release|Any CPU
		{D24BD347-374B-4304-8C76-0D8008651FC9}.Release|x86.ActiveCfg = Release|Any CPU
		{718F914C-7300-4AD0-92B3-3CDEF3FE753D}.Debug|Any CPU.ActiveCfg = Debug|Any CPU
		{718F914C-7300-4AD0-92B3-3CDEF3FE753D}.Debug|Any CPU.Build.0 = Debug|Any CPU
		{718F914C-7300-4AD0-92B3-3CDEF3FE753D}.Debug|ARM.ActiveCfg = Debug|Any CPU
		{718F914C-7300-4AD0-92B3-3CDEF3FE753D}.Debug|Mixed Platforms.ActiveCfg = Debug|Any CPU
		{718F914C-7300-4AD0-92B3-3CDEF3FE753D}.Debug|Mixed Platforms.Build.0 = Debug|Any CPU
		{718F914C-7300-4AD0-92B3-3CDEF3FE753D}.Debug|x64.ActiveCfg = Debug|Any CPU
		{718F914C-7300-4AD0-92B3-3CDEF3FE753D}.Debug|x86.ActiveCfg = Debug|Any CPU
		{718F914C-7300-4AD0-92B3-3CDEF3FE753D}.Release|Any CPU.ActiveCfg = Debug|Any CPU
		{718F914C-7300-4AD0-92B3-3CDEF3FE753D}.Release|Any CPU.Build.0 = Debug|Any CPU
		{718F914C-7300-4AD0-92B3-3CDEF3FE753D}.Release|ARM.ActiveCfg = Debug|Any CPU
		{718F914C-7300-4AD0-92B3-3CDEF3FE753D}.Release|Mixed Platforms.ActiveCfg = Debug|Any CPU
		{718F914C-7300-4AD0-92B3-3CDEF3FE753D}.Release|Mixed Platforms.Build.0 = Debug|Any CPU
		{718F914C-7300-4AD0-92B3-3CDEF3FE753D}.Release|x64.ActiveCfg = Debug|Any CPU
		{718F914C-7300-4AD0-92B3-3CDEF3FE753D}.Release|x86.ActiveCfg = Debug|Any CPU
	EndGlobalSection
	GlobalSection(SolutionProperties) = preSolution
		HideSolutionNode = FALSE
	EndGlobalSection
	GlobalSection(NestedProjects) = preSolution
		{A7DE50A5-D623-456F-9E8E-27531C6577B1} = {654005CE-4F35-4960-B8D3-48D02DF651C0}
		{C8C15319-7086-4F05-A523-3D5DB4792317} = {654005CE-4F35-4960-B8D3-48D02DF651C0}
		{8CD64B05-AE45-49FB-A09B-32EDCD6DAEA2} = {654005CE-4F35-4960-B8D3-48D02DF651C0}
		{CA4A1896-91E9-41FB-9879-14992CF56158} = {654005CE-4F35-4960-B8D3-48D02DF651C0}
		{6EE54875-9095-4D53-B403-EE7C45E31BC4} = {654005CE-4F35-4960-B8D3-48D02DF651C0}
		{718F914C-7300-4AD0-92B3-3CDEF3FE753D} = {654005CE-4F35-4960-B8D3-48D02DF651C0}
		{DB4DE111-4C53-43E0-894A-5D3B0C54A782} = {7C61DDDD-7E55-4867-9AB1-D37323DC02DE}
		{227B78EB-FD4A-44FC-89AC-6EE2C461C4CC} = {7C61DDDD-7E55-4867-9AB1-D37323DC02DE}
		{D24BD347-374B-4304-8C76-0D8008651FC9} = {7C61DDDD-7E55-4867-9AB1-D37323DC02DE}
	EndGlobalSection
EndGlobal
