
Microsoft Visual Studio Solution File, Format Version 12.00
# Visual Studio Version 17
VisualStudioVersion = 17.0.31612.314
MinimumVisualStudioVersion = 10.0.40219.1
Project("{2150E333-8FDC-42A3-9474-1A3956D46DE8}") = "SignalR", "SignalR", "{7C61DDDD-7E55-4867-9AB1-D37323DC02DE}"
EndProject
Project("{F184B08F-C81C-45F6-A57F-5ABD9991F28F}") = "Sensor", "ObservableSensor\ObservableSensor\Sensor.vbproj", "{760502A5-07B6-4734-979D-320A4E89F867}"
EndProject
Project("{F184B08F-C81C-45F6-A57F-5ABD9991F28F}") = "ObservableClient", "ObservableSensor\ObservableClient\ObservableClient.vbproj", "{594467DD-FC32-4589-B1FD-EE59709516BF}"
EndProject
Project("{F184B08F-C81C-45F6-A57F-5ABD9991F28F}") = "BasicConsole", "SignalR\RxSignalR\BasicConsole\BasicConsole.vbproj", "{DB4DE111-4C53-43E0-894A-5D3B0C54A782}"
EndProject
Project("{E24C65DC-7377-472B-9ABA-BC803B73C61A}") = "RxSignalrWeb", "SignalR\RxSignalR\RxSignalrWeb\", "{227B78EB-FD4A-44FC-89AC-6EE2C461C4CC}"
	ProjectSection(WebsiteProperties) = preProject
		TargetFrameworkMoniker = ".NETFramework,Version%3Dv4.6.1"
		Debug.AspNetCompiler.VirtualPath = "/RxSignalrWeb"
		Debug.AspNetCompiler.PhysicalPath = "SignalR\RxSignalR\RxSignalrWeb\"
		Debug.AspNetCompiler.TargetPath = "PrecompiledWeb\RxSignalrWeb\"
		Debug.AspNetCompiler.Updateable = "true"
		Debug.AspNetCompiler.ForceOverwrite = "true"
		Debug.AspNetCompiler.FixedNames = "false"
		Debug.AspNetCompiler.Debug = "True"
		Release.AspNetCompiler.VirtualPath = "/RxSignalrWeb"
		Release.AspNetCompiler.PhysicalPath = "SignalR\RxSignalR\RxSignalrWeb\"
		Release.AspNetCompiler.TargetPath = "PrecompiledWeb\RxSignalrWeb\"
		Release.AspNetCompiler.Updateable = "true"
		Release.AspNetCompiler.ForceOverwrite = "true"
		Release.AspNetCompiler.FixedNames = "false"
		Release.AspNetCompiler.Debug = "False"
		VWDPort = "4734"
		SlnRelativePath = "SignalR\RxSignalR\RxSignalrWeb\"
	EndProjectSection
EndProject
Project("{FAE04EC0-301F-11D3-BF4B-00C04F79EFBC}") = "WpfSharp", "SignalR\RxSignalR\WpfSharp\WpfSharp.csproj", "{D24BD347-374B-4304-8C76-0D8008651FC9}"
EndProject
Project("{2150E333-8FDC-42A3-9474-1A3956D46DE8}") = ".nuget", ".nuget", "{142DE7CE-89E3-46B0-8C96-05037DF82E2C}"
	ProjectSection(SolutionItems) = preProject
		.nuget\NuGet.Config = .nuget\NuGet.Config
		.nuget\NuGet.exe = .nuget\NuGet.exe
		.nuget\NuGet.targets = .nuget\NuGet.targets
	EndProjectSection
EndProject
Project("{2150E333-8FDC-42A3-9474-1A3956D46DE8}") = "RxJs", "RxJs", "{89367B64-785F-47F4-9071-C8ADCADDFD4E}"
	ProjectSection(SolutionItems) = preProject
		RxJs\5-1-Timer.html = RxJs\5-1-Timer.html
		RxJs\5-2-Timer-zip.html = RxJs\5-2-Timer-zip.html
		RxJs\5-3-Doubleclick.html = RxJs\5-3-Doubleclick.html
		RxJs\5-4-DragDrop.html = RxJs\5-4-DragDrop.html
		RxJs\5-5-DictionarySuggest.html = RxJs\5-5-DictionarySuggest.html
		RxJs\5-7-Translator.html = RxJs\5-7-Translator.html
		RxJs\7-1-Timer.html = RxJs\7-1-Timer.html
		RxJs\7-3-Doubleclick.html = RxJs\7-3-Doubleclick.html
		RxJs\translate.js = RxJs\translate.js
	EndProjectSection
EndProject
Project("{9A19103F-16F7-4668-BE54-9A1E7A4F7556}") = "WinFormsSharp", "WinFormsSharp\WinFormsSharp.csproj", "{BA63B487-75F5-4807-92C5-27011F23F5DE}"
EndProject
Global
	GlobalSection(SolutionConfigurationPlatforms) = preSolution
		Debug|Any CPU = Debug|Any CPU
		Debug|ARM = Debug|ARM
		Debug|Mixed Platforms = Debug|Mixed Platforms
		Debug|x64 = Debug|x64
		Debug|x86 = Debug|x86
		Release|Any CPU = Release|Any CPU
		Release|ARM = Release|ARM
		Release|Mixed Platforms = Release|Mixed Platforms
		Release|x64 = Release|x64
		Release|x86 = Release|x86
	EndGlobalSection
	GlobalSection(ProjectConfigurationPlatforms) = postSolution
		{760502A5-07B6-4734-979D-320A4E89F867}.Debug|Any CPU.ActiveCfg = Debug|Any CPU
		{760502A5-07B6-4734-979D-320A4E89F867}.Debug|Any CPU.Build.0 = Debug|Any CPU
		{760502A5-07B6-4734-979D-320A4E89F867}.Debug|ARM.ActiveCfg = Debug|Any CPU
		{760502A5-07B6-4734-979D-320A4E89F867}.Debug|Mixed Platforms.ActiveCfg = Debug|Any CPU
		{760502A5-07B6-4734-979D-320A4E89F867}.Debug|Mixed Platforms.Build.0 = Debug|Any CPU
		{760502A5-07B6-4734-979D-320A4E89F867}.Debug|x64.ActiveCfg = Debug|Any CPU
		{760502A5-07B6-4734-979D-320A4E89F867}.Debug|x86.ActiveCfg = Debug|Any CPU
		{760502A5-07B6-4734-979D-320A4E89F867}.Release|Any CPU.ActiveCfg = Release|Any CPU
		{760502A5-07B6-4734-979D-320A4E89F867}.Release|Any CPU.Build.0 = Release|Any CPU
		{760502A5-07B6-4734-979D-320A4E89F867}.Release|ARM.ActiveCfg = Release|Any CPU
		{760502A5-07B6-4734-979D-320A4E89F867}.Release|Mixed Platforms.ActiveCfg = Release|Any CPU
		{760502A5-07B6-4734-979D-320A4E89F867}.Release|Mixed Platforms.Build.0 = Release|Any CPU
		{760502A5-07B6-4734-979D-320A4E89F867}.Release|x64.ActiveCfg = Release|Any CPU
		{760502A5-07B6-4734-979D-320A4E89F867}.Release|x86.ActiveCfg = Release|Any CPU
		{594467DD-FC32-4589-B1FD-EE59709516BF}.Debug|Any CPU.ActiveCfg = Debug|x86
		{594467DD-FC32-4589-B1FD-EE59709516BF}.Debug|ARM.ActiveCfg = Debug|x86
		{594467DD-FC32-4589-B1FD-EE59709516BF}.Debug|Mixed Platforms.ActiveCfg = Debug|x86
		{594467DD-FC32-4589-B1FD-EE59709516BF}.Debug|Mixed Platforms.Build.0 = Debug|x86
		{594467DD-FC32-4589-B1FD-EE59709516BF}.Debug|x64.ActiveCfg = Debug|x86
		{594467DD-FC32-4589-B1FD-EE59709516BF}.Debug|x86.ActiveCfg = Debug|x86
		{594467DD-FC32-4589-B1FD-EE59709516BF}.Debug|x86.Build.0 = Debug|x86
		{594467DD-FC32-4589-B1FD-EE59709516BF}.Release|Any CPU.ActiveCfg = Release|x86
		{594467DD-FC32-4589-B1FD-EE59709516BF}.Release|ARM.ActiveCfg = Release|x86
		{594467DD-FC32-4589-B1FD-EE59709516BF}.Release|Mixed Platforms.ActiveCfg = Release|x86
		{594467DD-FC32-4589-B1FD-EE59709516BF}.Release|Mixed Platforms.Build.0 = Release|x86
		{594467DD-FC32-4589-B1FD-EE59709516BF}.Release|x64.ActiveCfg = Release|x86
		{594467DD-FC32-4589-B1FD-EE59709516BF}.Release|x86.ActiveCfg = Release|x86
		{594467DD-FC32-4589-B1FD-EE59709516BF}.Release|x86.Build.0 = Release|x86
		{DB4DE111-4C53-43E0-894A-5D3B0C54A782}.Debug|Any CPU.ActiveCfg = Debug|Any CPU
		{DB4DE111-4C53-43E0-894A-5D3B0C54A782}.Debug|Any CPU.Build.0 = Debug|Any CPU
		{DB4DE111-4C53-43E0-894A-5D3B0C54A782}.Debug|ARM.ActiveCfg = Debug|Any CPU
		{DB4DE111-4C53-43E0-894A-5D3B0C54A782}.Debug|Mixed Platforms.ActiveCfg = Debug|Any CPU
		{DB4DE111-4C53-43E0-894A-5D3B0C54A782}.Debug|Mixed Platforms.Build.0 = Debug|Any CPU
		{DB4DE111-4C53-43E0-894A-5D3B0C54A782}.Debug|x64.ActiveCfg = Debug|Any CPU
		{DB4DE111-4C53-43E0-894A-5D3B0C54A782}.Debug|x86.ActiveCfg = Debug|Any CPU
		{DB4DE111-4C53-43E0-894A-5D3B0C54A782}.Release|Any CPU.ActiveCfg = Release|Any CPU
		{DB4DE111-4C53-43E0-894A-5D3B0C54A782}.Release|Any CPU.Build.0 = Release|Any CPU
		{DB4DE111-4C53-43E0-894A-5D3B0C54A782}.Release|ARM.ActiveCfg = Release|Any CPU
		{DB4DE111-4C53-43E0-894A-5D3B0C54A782}.Release|Mixed Platforms.ActiveCfg = Release|Any CPU
		{DB4DE111-4C53-43E0-894A-5D3B0C54A782}.Release|Mixed Platforms.Build.0 = Release|Any CPU
		{DB4DE111-4C53-43E0-894A-5D3B0C54A782}.Release|x64.ActiveCfg = Release|Any CPU
		{DB4DE111-4C53-43E0-894A-5D3B0C54A782}.Release|x86.ActiveCfg = Release|Any CPU
		{227B78EB-FD4A-44FC-89AC-6EE2C461C4CC}.Debug|Any CPU.ActiveCfg = Debug|Any CPU
		{227B78EB-FD4A-44FC-89AC-6EE2C461C4CC}.Debug|Any CPU.Build.0 = Debug|Any CPU
		{227B78EB-FD4A-44FC-89AC-6EE2C461C4CC}.Debug|ARM.ActiveCfg = Debug|Any CPU
		{227B78EB-FD4A-44FC-89AC-6EE2C461C4CC}.Debug|Mixed Platforms.ActiveCfg = Debug|Any CPU
		{227B78EB-FD4A-44FC-89AC-6EE2C461C4CC}.Debug|Mixed Platforms.Build.0 = Debug|Any CPU
		{227B78EB-FD4A-44FC-89AC-6EE2C461C4CC}.Debug|x64.ActiveCfg = Debug|Any CPU
		{227B78EB-FD4A-44FC-89AC-6EE2C461C4CC}.Debug|x86.ActiveCfg = Debug|Any CPU
		{227B78EB-FD4A-44FC-89AC-6EE2C461C4CC}.Release|Any CPU.ActiveCfg = Debug|Any CPU
		{227B78EB-FD4A-44FC-89AC-6EE2C461C4CC}.Release|Any CPU.Build.0 = Debug|Any CPU
		{227B78EB-FD4A-44FC-89AC-6EE2C461C4CC}.Release|ARM.ActiveCfg = Debug|Any CPU
		{227B78EB-FD4A-44FC-89AC-6EE2C461C4CC}.Release|Mixed Platforms.ActiveCfg = Debug|Any CPU
		{227B78EB-FD4A-44FC-89AC-6EE2C461C4CC}.Release|Mixed Platforms.Build.0 = Debug|Any CPU
		{227B78EB-FD4A-44FC-89AC-6EE2C461C4CC}.Release|x64.ActiveCfg = Debug|Any CPU
		{227B78EB-FD4A-44FC-89AC-6EE2C461C4CC}.Release|x86.ActiveCfg = Debug|Any CPU
		{D24BD347-374B-4304-8C76-0D8008651FC9}.Debug|Any CPU.ActiveCfg = Debug|Any CPU
		{D24BD347-374B-4304-8C76-0D8008651FC9}.Debug|Any CPU.Build.0 = Debug|Any CPU
		{D24BD347-374B-4304-8C76-0D8008651FC9}.Debug|ARM.ActiveCfg = Debug|Any CPU
		{D24BD347-374B-4304-8C76-0D8008651FC9}.Debug|Mixed Platforms.ActiveCfg = Debug|Any CPU
		{D24BD347-374B-4304-8C76-0D8008651FC9}.Debug|Mixed Platforms.Build.0 = Debug|Any CPU
		{D24BD347-374B-4304-8C76-0D8008651FC9}.Debug|x64.ActiveCfg = Debug|Any CPU
		{D24BD347-374B-4304-8C76-0D8008651FC9}.Debug|x86.ActiveCfg = Debug|Any CPU
		{D24BD347-374B-4304-8C76-0D8008651FC9}.Release|Any CPU.ActiveCfg = Release|Any CPU
		{D24BD347-374B-4304-8C76-0D8008651FC9}.Release|Any CPU.Build.0 = Release|Any CPU
		{D24BD347-374B-4304-8C76-0D8008651FC9}.Release|ARM.ActiveCfg = Release|Any CPU
		{D24BD347-374B-4304-8C76-0D8008651FC9}.Release|Mixed Platforms.ActiveCfg = Release|Any CPU
		{D24BD347-374B-4304-8C76-0D8008651FC9}.Release|Mixed Platforms.Build.0 = Release|Any CPU
		{D24BD347-374B-4304-8C76-0D8008651FC9}.Release|x64.ActiveCfg = Release|Any CPU
		{D24BD347-374B-4304-8C76-0D8008651FC9}.Release|x86.ActiveCfg = Release|Any CPU
		{BA63B487-75F5-4807-92C5-27011F23F5DE}.Debug|Any CPU.ActiveCfg = Debug|Any CPU
		{BA63B487-75F5-4807-92C5-27011F23F5DE}.Debug|Any CPU.Build.0 = Debug|Any CPU
		{BA63B487-75F5-4807-92C5-27011F23F5DE}.Debug|ARM.ActiveCfg = Debug|Any CPU
		{BA63B487-75F5-4807-92C5-27011F23F5DE}.Debug|ARM.Build.0 = Debug|Any CPU
		{BA63B487-75F5-4807-92C5-27011F23F5DE}.Debug|Mixed Platforms.ActiveCfg = Debug|Any CPU
		{BA63B487-75F5-4807-92C5-27011F23F5DE}.Debug|Mixed Platforms.Build.0 = Debug|Any CPU
		{BA63B487-75F5-4807-92C5-27011F23F5DE}.Debug|x64.ActiveCfg = Debug|Any CPU
		{BA63B487-75F5-4807-92C5-27011F23F5DE}.Debug|x64.Build.0 = Debug|Any CPU
		{BA63B487-75F5-4807-92C5-27011F23F5DE}.Debug|x86.ActiveCfg = Debug|Any CPU
		{BA63B487-75F5-4807-92C5-27011F23F5DE}.Debug|x86.Build.0 = Debug|Any CPU
		{BA63B487-75F5-4807-92C5-27011F23F5DE}.Release|Any CPU.ActiveCfg = Release|Any CPU
		{BA63B487-75F5-4807-92C5-27011F23F5DE}.Release|Any CPU.Build.0 = Release|Any CPU
		{BA63B487-75F5-4807-92C5-27011F23F5DE}.Release|ARM.ActiveCfg = Release|Any CPU
		{BA63B487-75F5-4807-92C5-27011F23F5DE}.Release|ARM.Build.0 = Release|Any CPU
		{BA63B487-75F5-4807-92C5-27011F23F5DE}.Release|Mixed Platforms.ActiveCfg = Release|Any CPU
		{BA63B487-75F5-4807-92C5-27011F23F5DE}.Release|Mixed Platforms.Build.0 = Release|Any CPU
		{BA63B487-75F5-4807-92C5-27011F23F5DE}.Release|x64.ActiveCfg = Release|Any CPU
		{BA63B487-75F5-4807-92C5-27011F23F5DE}.Release|x64.Build.0 = Release|Any CPU
		{BA63B487-75F5-4807-92C5-27011F23F5DE}.Release|x86.ActiveCfg = Release|Any CPU
		{BA63B487-75F5-4807-92C5-27011F23F5DE}.Release|x86.Build.0 = Release|Any CPU
	EndGlobalSection
	GlobalSection(SolutionProperties) = preSolution
		HideSolutionNode = FALSE
	EndGlobalSection
	GlobalSection(NestedProjects) = preSolution
		{DB4DE111-4C53-43E0-894A-5D3B0C54A782} = {7C61DDDD-7E55-4867-9AB1-D37323DC02DE}
		{227B78EB-FD4A-44FC-89AC-6EE2C461C4CC} = {7C61DDDD-7E55-4867-9AB1-D37323DC02DE}
		{D24BD347-374B-4304-8C76-0D8008651FC9} = {7C61DDDD-7E55-4867-9AB1-D37323DC02DE}
	EndGlobalSection
	GlobalSection(ExtensibilityGlobals) = postSolution
		SolutionGuid = {E6DBD498-EBDE-4D44-8954-3C2ACD279FDF}
	EndGlobalSection
EndGlobal
