
Microsoft Visual Studio Solution File, Format Version 11.00
# Visual Studio 2010
Project("{FAE04EC0-301F-11D3-BF4B-00C04F79EFBC}") = "BingTranslate", "BingTranslate\BingTranslate.csproj", "{AD1BF079-5066-4E0A-9744-DE872C2588B5}"
EndProject
Project("{FAE04EC0-301F-11D3-BF4B-00C04F79EFBC}") = "BingTranslate.Web", "BingTranslate.Web\BingTranslate.Web.csproj", "{586DA9DE-DF78-403D-BDC0-F23AF5EA20B8}"
EndProject
Global
	GlobalSection(SolutionConfigurationPlatforms) = preSolution
		Debug|Any CPU = Debug|Any CPU
		Release|Any CPU = Release|Any CPU
	EndGlobalSection
	GlobalSection(ProjectConfigurationPlatforms) = postSolution
		{AD1BF079-5066-4E0A-9744-DE872C2588B5}.Debug|Any CPU.ActiveCfg = Debug|Any CPU
		{AD1BF079-5066-4E0A-9744-DE872C2588B5}.Debug|Any CPU.Build.0 = Debug|Any CPU
		{AD1BF079-5066-4E0A-9744-DE872C2588B5}.Release|Any CPU.ActiveCfg = Release|Any CPU
		{AD1BF079-5066-4E0A-9744-DE872C2588B5}.Release|Any CPU.Build.0 = Release|Any CPU
		{586DA9DE-DF78-403D-BDC0-F23AF5EA20B8}.Debug|Any CPU.ActiveCfg = Debug|Any CPU
		{586DA9DE-DF78-403D-BDC0-F23AF5EA20B8}.Debug|Any CPU.Build.0 = Debug|Any CPU
		{586DA9DE-DF78-403D-BDC0-F23AF5EA20B8}.Release|Any CPU.ActiveCfg = Release|Any CPU
		{586DA9DE-DF78-403D-BDC0-F23AF5EA20B8}.Release|Any CPU.Build.0 = Release|Any CPU
	EndGlobalSection
	GlobalSection(SolutionProperties) = preSolution
		HideSolutionNode = FALSE
	EndGlobalSection
EndGlobal
